{
  "name": "fifty-demo",
  "version": "1.0.0",
  "lockfileVersion": 1,
  "requires": true,
  "dependencies": {
    "agora-rtc-sdk": {
      "version": "3.1.1",
      "resolved": "https://registry.npm.taobao.org/agora-rtc-sdk/download/agora-rtc-sdk-3.1.1.tgz",
      "integrity": "sha1-vyLBQdy7iWhhuvtXPbgq8Ona6Ho="
    }
  }
}
